# @generated by Move, please check-in and do not edit manually.

[move]
version = 3
manifest_digest = "6D9869D7D41CF532053096338B1921BEA2C3070BDAA2CA6A33EAD3A40D3A92CD"
deps_digest = "F8BBB0CCB2491CA29A3DF03D6F92277A4F3574266507ACD77214D37ECA3F3082"
dependencies = [
  { id = "Sui", name = "Sui" },
]

[[move.package]]
id = "MoveStdlib"
source = { git = "https://github.com/MystenLabs/sui.git", rev = "testnet", subdir = "crates/sui-framework/packages/move-stdlib" }

[[move.package]]
id = "Sui"
source = { git = "https://github.com/MystenLabs/sui.git", rev = "testnet", subdir = "crates/sui-framework/packages/sui-framework" }

dependencies = [
  { id = "MoveStdlib", name = "MoveStdlib" },
]

[move.toolchain-version]
compiler-version = "1.46.2"
edition = "2024"
flavor = "sui"

[env]

[env.testnet]
chain-id = "4c78adac"
original-published-id = "0x902dfbd9e3d673af9d9b59c32c96eafa19a4f4bdf4a60c5cde0d15c94a621b2c"
latest-published-id = "0x902dfbd9e3d673af9d9b59c32c96eafa19a4f4bdf4a60c5cde0d15c94a621b2c"
published-version = "1"
